
Microsoft Visual Studio Solution File, Format Version 12.00
# Visual Studio 15
VisualStudioVersion = 15.0.28307.1022
MinimumVisualStudioVersion = 10.0.40219.1
Project("{FAE04EC0-301F-11D3-BF4B-00C04F79EFBC}") = "Chapter_2", "Chapter_2\Chapter_2.csproj", "{F9D4DA6F-1796-484A-AE7F-217F2047C2A2}"
EndProject
Global
	GlobalSection(SolutionConfigurationPlatforms) = preSolution
		Debug|Any CPU = Debug|Any CPU
		Release|Any CPU = Release|Any CPU
	EndGlobalSection
	GlobalSection(ProjectConfigurationPlatforms) = postSolution
		{F9D4DA6F-1796-484A-AE7F-217F2047C2A2}.Debug|Any CPU.ActiveCfg = Debug|Any CPU
		{F9D4DA6F-1796-484A-AE7F-217F2047C2A2}.Debug|Any CPU.Build.0 = Debug|Any CPU
		{F9D4DA6F-1796-484A-AE7F-217F2047C2A2}.Release|Any CPU.ActiveCfg = Release|Any CPU
		{F9D4DA6F-1796-484A-AE7F-217F2047C2A2}.Release|Any CPU.Build.0 = Release|Any CPU
	EndGlobalSection
	GlobalSection(SolutionProperties) = preSolution
		HideSolutionNode = FALSE
	EndGlobalSection
	GlobalSection(ExtensibilityGlobals) = postSolution
		SolutionGuid = {7A24FD5C-7058-4C06-9B36-A84F5143F668}
	EndGlobalSection
EndGlobal
