
Microsoft Visual Studio Solution File, Format Version 12.00
# Visual Studio 15
VisualStudioVersion = 15.0.28307.1022
MinimumVisualStudioVersion = 10.0.40219.1
Project("{FAE04EC0-301F-11D3-BF4B-00C04F79EFBC}") = "Chapter11", "Chapter11\Chapter11.csproj", "{AEE7084F-668A-4B9E-82A7-E47E2FCFF841}"
EndProject
Global
	GlobalSection(SolutionConfigurationPlatforms) = preSolution
		Debug|Any CPU = Debug|Any CPU
		Release|Any CPU = Release|Any CPU
	EndGlobalSection
	GlobalSection(ProjectConfigurationPlatforms) = postSolution
		{AEE7084F-668A-4B9E-82A7-E47E2FCFF841}.Debug|Any CPU.ActiveCfg = Debug|Any CPU
		{AEE7084F-668A-4B9E-82A7-E47E2FCFF841}.Debug|Any CPU.Build.0 = Debug|Any CPU
		{AEE7084F-668A-4B9E-82A7-E47E2FCFF841}.Release|Any CPU.ActiveCfg = Release|Any CPU
		{AEE7084F-668A-4B9E-82A7-E47E2FCFF841}.Release|Any CPU.Build.0 = Release|Any CPU
	EndGlobalSection
	GlobalSection(SolutionProperties) = preSolution
		HideSolutionNode = FALSE
	EndGlobalSection
	GlobalSection(ExtensibilityGlobals) = postSolution
		SolutionGuid = {0230D46D-03EF-4DB9-9A92-5CE2548D006E}
	EndGlobalSection
EndGlobal
