
Microsoft Visual Studio Solution File, Format Version 12.00
# Visual Studio 15
VisualStudioVersion = 15.0.28307.1022
MinimumVisualStudioVersion = 10.0.40219.1
Project("{FAE04EC0-301F-11D3-BF4B-00C04F79EFBC}") = "Chapter16", "Chapter16\Chapter16.csproj", "{5BF14C3A-D873-44B6-9505-0ECFF91C3511}"
EndProject
Global
	GlobalSection(SolutionConfigurationPlatforms) = preSolution
		Debug|Any CPU = Debug|Any CPU
		Release|Any CPU = Release|Any CPU
	EndGlobalSection
	GlobalSection(ProjectConfigurationPlatforms) = postSolution
		{5BF14C3A-D873-44B6-9505-0ECFF91C3511}.Debug|Any CPU.ActiveCfg = Debug|Any CPU
		{5BF14C3A-D873-44B6-9505-0ECFF91C3511}.Debug|Any CPU.Build.0 = Debug|Any CPU
		{5BF14C3A-D873-44B6-9505-0ECFF91C3511}.Release|Any CPU.ActiveCfg = Release|Any CPU
		{5BF14C3A-D873-44B6-9505-0ECFF91C3511}.Release|Any CPU.Build.0 = Release|Any CPU
	EndGlobalSection
	GlobalSection(SolutionProperties) = preSolution
		HideSolutionNode = FALSE
	EndGlobalSection
	GlobalSection(ExtensibilityGlobals) = postSolution
		SolutionGuid = {CB8C0D64-1D23-4E93-9148-6CEC6B056F6D}
	EndGlobalSection
EndGlobal
